// !$*UTF8*$!
{
	archiveVersion = 1;
	classes = {
	};
	objectVersion = 56;
	objects = {

/* Begin PBXBuildFile section */
		DB8151F82A2B169F0080C17B /* TrackingRestaurantApp.swift in Sources */ = {isa = PBXBuildFile; fileRef = DB8151F72A2B169F0080C17B /* TrackingRestaurantApp.swift */; };
		DB8151FA2A2B169F0080C17B /* ContentView.swift in Sources */ = {isa = PBXBuildFile; fileRef = DB8151F92A2B169F0080C17B /* ContentView.swift */; };
		DB8151FC2A2B16A20080C17B /* Assets.xcassets in Resources */ = {isa = PBXBuildFile; fileRef = DB8151FB2A2B16A20080C17B /* Assets.xcassets */; };
		DB8151FF2A2B16A20080C17B /* Preview Assets.xcassets in Resources */ = {isa = PBXBuildFile; fileRef = DB8151FE2A2B16A20080C17B /* Preview Assets.xcassets */; };
		DB8152092A2B277C0080C17B /* LocationManager.swift in Sources */ = {isa = PBXBuildFile; fileRef = DB8152082A2B277C0080C17B /* LocationManager.swift */; };
		DB81520C2A2B27AF0080C17B /* RemoteImage.swift in Sources */ = {isa = PBXBuildFile; fileRef = DB81520B2A2B27AF0080C17B /* RemoteImage.swift */; };
		DB81520E2A2B27DB0080C17B /* YelpResponse.swift in Sources */ = {isa = PBXBuildFile; fileRef = DB81520D2A2B27DB0080C17B /* YelpResponse.swift */; };
		DB8152102A2B2AD80080C17B /* RestaurantCardView.swift in Sources */ = {isa = PBXBuildFile; fileRef = DB81520F2A2B2AD80080C17B /* RestaurantCardView.swift */; };
		DB8152122A2B2B160080C17B /* Restaurant.swift in Sources */ = {isa = PBXBuildFile; fileRef = DB8152112A2B2B160080C17B /* Restaurant.swift */; };
/* End PBXBuildFile section */

/* Begin PBXFileReference section */
		DB8151F42A2B169F0080C17B /* TrackingRestaurant.app */ = {isa = PBXFileReference; explicitFileType = wrapper.application; includeInIndex = 0; path = TrackingRestaurant.app; sourceTree = BUILT_PRODUCTS_DIR; };
		DB8151F72A2B169F0080C17B /* TrackingRestaurantApp.swift */ = {isa = PBXFileReference; lastKnownFileType = sourcecode.swift; path = TrackingRestaurantApp.swift; sourceTree = "<group>"; };
		DB8151F92A2B169F0080C17B /* ContentView.swift */ = {isa = PBXFileReference; lastKnownFileType = sourcecode.swift; path = ContentView.swift; sourceTree = "<group>"; };
		DB8151FB2A2B16A20080C17B /* Assets.xcassets */ = {isa = PBXFileReference; lastKnownFileType = folder.assetcatalog; path = Assets.xcassets; sourceTree = "<group>"; };
		DB8151FE2A2B16A20080C17B /* Preview Assets.xcassets */ = {isa = PBXFileReference; lastKnownFileType = folder.assetcatalog; path = "Preview Assets.xcassets"; sourceTree = "<group>"; };
		DB8152082A2B277C0080C17B /* LocationManager.swift */ = {isa = PBXFileReference; lastKnownFileType = sourcecode.swift; path = LocationManager.swift; sourceTree = "<group>"; };
		DB81520B2A2B27AF0080C17B /* RemoteImage.swift */ = {isa = PBXFileReference; lastKnownFileType = sourcecode.swift; path = RemoteImage.swift; sourceTree = "<group>"; };
		DB81520D2A2B27DB0080C17B /* YelpResponse.swift */ = {isa = PBXFileReference; lastKnownFileType = sourcecode.swift; path = YelpResponse.swift; sourceTree = "<group>"; };
		DB81520F2A2B2AD80080C17B /* RestaurantCardView.swift */ = {isa = PBXFileReference; lastKnownFileType = sourcecode.swift; path = RestaurantCardView.swift; sourceTree = "<group>"; };
		DB8152112A2B2B160080C17B /* Restaurant.swift */ = {isa = PBXFileReference; lastKnownFileType = sourcecode.swift; path = Restaurant.swift; sourceTree = "<group>"; };
/* End PBXFileReference section */

/* Begin PBXFrameworksBuildPhase section */
		DB8151F12A2B169F0080C17B /* Frameworks */ = {
			isa = PBXFrameworksBuildPhase;
			buildActionMask = 2147483647;
			files = (
			);
			runOnlyForDeploymentPostprocessing = 0;
		};
/* End PBXFrameworksBuildPhase section */

/* Begin PBXGroup section */
		DB8151EB2A2B169F0080C17B = {
			isa = PBXGroup;
			children = (
				DB8151F62A2B169F0080C17B /* TrackingRestaurant */,
				DB8151F52A2B169F0080C17B /* Products */,
			);
			sourceTree = "<group>";
		};
		DB8151F52A2B169F0080C17B /* Products */ = {
			isa = PBXGroup;
			children = (
				DB8151F42A2B169F0080C17B /* TrackingRestaurant.app */,
			);
			name = Products;
			sourceTree = "<group>";
		};
		DB8151F62A2B169F0080C17B /* TrackingRestaurant */ = {
			isa = PBXGroup;
			children = (
				DB81520A2A2B279A0080C17B /* View */,
				DB8152052A2B199E0080C17B /* Model */,
				DB8151F72A2B169F0080C17B /* TrackingRestaurantApp.swift */,
				DB8151F92A2B169F0080C17B /* ContentView.swift */,
				DB8151FB2A2B16A20080C17B /* Assets.xcassets */,
				DB8151FD2A2B16A20080C17B /* Preview Content */,
			);
			path = TrackingRestaurant;
			sourceTree = "<group>";
		};
		DB8151FD2A2B16A20080C17B /* Preview Content */ = {
			isa = PBXGroup;
			children = (
				DB8151FE2A2B16A20080C17B /* Preview Assets.xcassets */,
			);
			path = "Preview Content";
			sourceTree = "<group>";
		};
		DB8152052A2B199E0080C17B /* Model */ = {
			isa = PBXGroup;
			children = (
				DB8152082A2B277C0080C17B /* LocationManager.swift */,
				DB81520D2A2B27DB0080C17B /* YelpResponse.swift */,
				DB8152112A2B2B160080C17B /* Restaurant.swift */,
			);
			path = Model;
			sourceTree = "<group>";
		};
		DB81520A2A2B279A0080C17B /* View */ = {
			isa = PBXGroup;
			children = (
				DB81520B2A2B27AF0080C17B /* RemoteImage.swift */,
				DB81520F2A2B2AD80080C17B /* RestaurantCardView.swift */,
			);
			path = View;
			sourceTree = "<group>";
		};
/* End PBXGroup section */

/* Begin PBXNativeTarget section */
		DB8151F32A2B169F0080C17B /* TrackingRestaurant */ = {
			isa = PBXNativeTarget;
			buildConfigurationList = DB8152022A2B16A20080C17B /* Build configuration list for PBXNativeTarget "TrackingRestaurant" */;
			buildPhases = (
				DB8151F02A2B169F0080C17B /* Sources */,
				DB8151F12A2B169F0080C17B /* Frameworks */,
				DB8151F22A2B169F0080C17B /* Resources */,
			);
			buildRules = (
			);
			dependencies = (
			);
			name = TrackingRestaurant;
			productName = TrackingRestaurant;
			productReference = DB8151F42A2B169F0080C17B /* TrackingRestaurant.app */;
			productType = "com.apple.product-type.application";
		};
/* End PBXNativeTarget section */

/* Begin PBXProject section */
		DB8151EC2A2B169F0080C17B /* Project object */ = {
			isa = PBXProject;
			attributes = {
				BuildIndependentTargetsInParallel = 1;
				LastSwiftUpdateCheck = 1430;
				LastUpgradeCheck = 1430;
				TargetAttributes = {
					DB8151F32A2B169F0080C17B = {
						CreatedOnToolsVersion = 14.3;
					};
				};
			};
			buildConfigurationList = DB8151EF2A2B169F0080C17B /* Build configuration list for PBXProject "TrackingRestaurant" */;
			compatibilityVersion = "Xcode 14.0";
			developmentRegion = en;
			hasScannedForEncodings = 0;
			knownRegions = (
				en,
				Base,
			);
			mainGroup = DB8151EB2A2B169F0080C17B;
			productRefGroup = DB8151F52A2B169F0080C17B /* Products */;
			projectDirPath = "";
			projectRoot = "";
			targets = (
				DB8151F32A2B169F0080C17B /* TrackingRestaurant */,
			);
		};
/* End PBXProject section */

/* Begin PBXResourcesBuildPhase section */
		DB8151F22A2B169F0080C17B /* Resources */ = {
			isa = PBXResourcesBuildPhase;
			buildActionMask = 2147483647;
			files = (
				DB8151FF2A2B16A20080C17B /* Preview Assets.xcassets in Resources */,
				DB8151FC2A2B16A20080C17B /* Assets.xcassets in Resources */,
			);
			runOnlyForDeploymentPostprocessing = 0;
		};
/* End PBXResourcesBuildPhase section */

/* Begin PBXSourcesBuildPhase section */
		DB8151F02A2B169F0080C17B /* Sources */ = {
			isa = PBXSourcesBuildPhase;
			buildActionMask = 2147483647;
			files = (
				DB81520E2A2B27DB0080C17B /* YelpResponse.swift in Sources */,
				DB8152092A2B277C0080C17B /* LocationManager.swift in Sources */,
				DB8151FA2A2B169F0080C17B /* ContentView.swift in Sources */,
				DB8152122A2B2B160080C17B /* Restaurant.swift in Sources */,
				DB8151F82A2B169F0080C17B /* TrackingRestaurantApp.swift in Sources */,
				DB81520C2A2B27AF0080C17B /* RemoteImage.swift in Sources */,
				DB8152102A2B2AD80080C17B /* RestaurantCardView.swift in Sources */,
			);
			runOnlyForDeploymentPostprocessing = 0;
		};
/* End PBXSourcesBuildPhase section */

/* Begin XCBuildConfiguration section */
		DB8152002A2B16A20080C17B /* Debug */ = {
			isa = XCBuildConfiguration;
			buildSettings = {
				ALWAYS_SEARCH_USER_PATHS = NO;
				CLANG_ANALYZER_NONNULL = YES;
				CLANG_ANALYZER_NUMBER_OBJECT_CONVERSION = YES_AGGRESSIVE;
				CLANG_CXX_LANGUAGE_STANDARD = "gnu++20";
				CLANG_ENABLE_MODULES = YES;
				CLANG_ENABLE_OBJC_ARC = YES;
				CLANG_ENABLE_OBJC_WEAK = YES;
				CLANG_WARN_BLOCK_CAPTURE_AUTORELEASING = YES;
				CLANG_WARN_BOOL_CONVERSION = YES;
				CLANG_WARN_COMMA = YES;
				CLANG_WARN_CONSTANT_CONVERSION = YES;
				CLANG_WARN_DEPRECATED_OBJC_IMPLEMENTATIONS = YES;
				CLANG_WARN_DIRECT_OBJC_ISA_USAGE = YES_ERROR;
				CLANG_WARN_DOCUMENTATION_COMMENTS = YES;
				CLANG_WARN_EMPTY_BODY = YES;
				CLANG_WARN_ENUM_CONVERSION = YES;
				CLANG_WARN_INFINITE_RECURSION = YES;
				CLANG_WARN_INT_CONVERSION = YES;
				CLANG_WARN_NON_LITERAL_NULL_CONVERSION = YES;
				CLANG_WARN_OBJC_IMPLICIT_RETAIN_SELF = YES;
				CLANG_WARN_OBJC_LITERAL_CONVERSION = YES;
				CLANG_WARN_OBJC_ROOT_CLASS = YES_ERROR;
				CLANG_WARN_QUOTED_INCLUDE_IN_FRAMEWORK_HEADER = YES;
				CLANG_WARN_RANGE_LOOP_ANALYSIS = YES;
				CLANG_WARN_STRICT_PROTOTYPES = YES;
				CLANG_WARN_SUSPICIOUS_MOVE = YES;
				CLANG_WARN_UNGUARDED_AVAILABILITY = YES_AGGRESSIVE;
				CLANG_WARN_UNREACHABLE_CODE = YES;
				CLANG_WARN__DUPLICATE_METHOD_MATCH = YES;
				COPY_PHASE_STRIP = NO;
				DEBUG_INFORMATION_FORMAT = dwarf;
				ENABLE_STRICT_OBJC_MSGSEND = YES;
				ENABLE_TESTABILITY = YES;
				GCC_C_LANGUAGE_STANDARD = gnu11;
				GCC_DYNAMIC_NO_PIC = NO;
				GCC_NO_COMMON_BLOCKS = YES;
				GCC_OPTIMIZATION_LEVEL = 0;
				GCC_PREPROCESSOR_DEFINITIONS = (
					"DEBUG=1",
					"$(inherited)",
				);
				GCC_WARN_64_TO_32_BIT_CONVERSION = YES;
				GCC_WARN_ABOUT_RETURN_TYPE = YES_ERROR;
				GCC_WARN_UNDECLARED_SELECTOR = YES;
				GCC_WARN_UNINITIALIZED_AUTOS = YES_AGGRESSIVE;
				GCC_WARN_UNUSED_FUNCTION = YES;
				GCC_WARN_UNUSED_VARIABLE = YES;
				IPHONEOS_DEPLOYMENT_TARGET = 16.4;
				MTL_ENABLE_DEBUG_INFO = INCLUDE_SOURCE;
				MTL_FAST_MATH = YES;
				ONLY_ACTIVE_ARCH = YES;
				SDKROOT = iphoneos;
				SWIFT_ACTIVE_COMPILATION_CONDITIONS = DEBUG;
				SWIFT_OPTIMIZATION_LEVEL = "-Onone";
			};
			name = Debug;
		};
		DB8152012A2B16A20080C17B /* Release */ = {
			isa = XCBuildConfiguration;
			buildSettings = {
				ALWAYS_SEARCH_USER_PATHS = NO;
				CLANG_ANALYZER_NONNULL = YES;
				CLANG_ANALYZER_NUMBER_OBJECT_CONVERSION = YES_AGGRESSIVE;
				CLANG_CXX_LANGUAGE_STANDARD = "gnu++20";
				CLANG_ENABLE_MODULES = YES;
				CLANG_ENABLE_OBJC_ARC = YES;
				CLANG_ENABLE_OBJC_WEAK = YES;
				CLANG_WARN_BLOCK_CAPTURE_AUTORELEASING = YES;
				CLANG_WARN_BOOL_CONVERSION = YES;
				CLANG_WARN_COMMA = YES;
				CLANG_WARN_CONSTANT_CONVERSION = YES;
				CLANG_WARN_DEPRECATED_OBJC_IMPLEMENTATIONS = YES;
				CLANG_WARN_DIRECT_OBJC_ISA_USAGE = YES_ERROR;
				CLANG_WARN_DOCUMENTATION_COMMENTS = YES;
				CLANG_WARN_EMPTY_BODY = YES;
				CLANG_WARN_ENUM_CONVERSION = YES;
				CLANG_WARN_INFINITE_RECURSION = YES;
				CLANG_WARN_INT_CONVERSION = YES;
				CLANG_WARN_NON_LITERAL_NULL_CONVERSION = YES;
				CLANG_WARN_OBJC_IMPLICIT_RETAIN_SELF = YES;
				CLANG_WARN_OBJC_LITERAL_CONVERSION = YES;
				CLANG_WARN_OBJC_ROOT_CLASS = YES_ERROR;
				CLANG_WARN_QUOTED_INCLUDE_IN_FRAMEWORK_HEADER = YES;
				CLANG_WARN_RANGE_LOOP_ANALYSIS = YES;
				CLANG_WARN_STRICT_PROTOTYPES = YES;
				CLANG_WARN_SUSPICIOUS_MOVE = YES;
				CLANG_WARN_UNGUARDED_AVAILABILITY = YES_AGGRESSIVE;
				CLANG_WARN_UNREACHABLE_CODE = YES;
				CLANG_WARN__DUPLICATE_METHOD_MATCH = YES;
				COPY_PHASE_STRIP = NO;
				DEBUG_INFORMATION_FORMAT = "dwarf-with-dsym";
				ENABLE_NS_ASSERTIONS = NO;
				ENABLE_STRICT_OBJC_MSGSEND = YES;
				GCC_C_LANGUAGE_STANDARD = gnu11;
				GCC_NO_COMMON_BLOCKS = YES;
				GCC_WARN_64_TO_32_BIT_CONVERSION = YES;
				GCC_WARN_ABOUT_RETURN_TYPE = YES_ERROR;
				GCC_WARN_UNDECLARED_SELECTOR = YES;
				GCC_WARN_UNINITIALIZED_AUTOS = YES_AGGRESSIVE;
				GCC_WARN_UNUSED_FUNCTION = YES;
				GCC_WARN_UNUSED_VARIABLE = YES;
				IPHONEOS_DEPLOYMENT_TARGET = 16.4;
				MTL_ENABLE_DEBUG_INFO = NO;
				MTL_FAST_MATH = YES;
				SDKROOT = iphoneos;
				SWIFT_COMPILATION_MODE = wholemodule;
				SWIFT_OPTIMIZATION_LEVEL = "-O";
				VALIDATE_PRODUCT = YES;
			};
			name = Release;
		};
		DB8152032A2B16A20080C17B /* Debug */ = {
			isa = XCBuildConfiguration;
			buildSettings = {
				ASSETCATALOG_COMPILER_APPICON_NAME = AppIcon;
				ASSETCATALOG_COMPILER_GLOBAL_ACCENT_COLOR_NAME = AccentColor;
				CODE_SIGN_STYLE = Automatic;
				CURRENT_PROJECT_VERSION = 1;
				DEVELOPMENT_ASSET_PATHS = "\"TrackingRestaurant/Preview Content\"";
				DEVELOPMENT_TEAM = 546UB6K93J;
				ENABLE_PREVIEWS = YES;
				GENERATE_INFOPLIST_FILE = YES;
				INFOPLIST_KEY_NSLocationAlwaysAndWhenInUseUsageDescription = Tracking;
				INFOPLIST_KEY_NSLocationWhenInUseUsageDescription = Tr;
				INFOPLIST_KEY_UIApplicationSceneManifest_Generation = YES;
				INFOPLIST_KEY_UIApplicationSupportsIndirectInputEvents = YES;
				INFOPLIST_KEY_UILaunchScreen_Generation = YES;
				INFOPLIST_KEY_UISupportedInterfaceOrientations_iPad = "UIInterfaceOrientationPortrait UIInterfaceOrientationPortraitUpsideDown UIInterfaceOrientationLandscapeLeft UIInterfaceOrientationLandscapeRight";
				INFOPLIST_KEY_UISupportedInterfaceOrientations_iPhone = "UIInterfaceOrientationPortrait UIInterfaceOrientationLandscapeLeft UIInterfaceOrientationLandscapeRight";
				LD_RUNPATH_SEARCH_PATHS = (
					"$(inherited)",
					"@executable_path/Frameworks",
				);
				MARKETING_VERSION = 1.0;
				PRODUCT_BUNDLE_IDENTIFIER = IrisDuc.TrackingRestaurant;
				PRODUCT_NAME = "$(TARGET_NAME)";
				SWIFT_EMIT_LOC_STRINGS = YES;
				SWIFT_VERSION = 5.0;
				TARGETED_DEVICE_FAMILY = "1,2";
			};
			name = Debug;
		};
		DB8152042A2B16A20080C17B /* Release */ = {
			isa = XCBuildConfiguration;
			buildSettings = {
				ASSETCATALOG_COMPILER_APPICON_NAME = AppIcon;
				ASSETCATALOG_COMPILER_GLOBAL_ACCENT_COLOR_NAME = AccentColor;
				CODE_SIGN_STYLE = Automatic;
				CURRENT_PROJECT_VERSION = 1;
				DEVELOPMENT_ASSET_PATHS = "\"TrackingRestaurant/Preview Content\"";
				DEVELOPMENT_TEAM = 546UB6K93J;
				ENABLE_PREVIEWS = YES;
				GENERATE_INFOPLIST_FILE = YES;
				INFOPLIST_KEY_NSLocationAlwaysAndWhenInUseUsageDescription = Tracking;
				INFOPLIST_KEY_NSLocationWhenInUseUsageDescription = Tr;
				INFOPLIST_KEY_UIApplicationSceneManifest_Generation = YES;
				INFOPLIST_KEY_UIApplicationSupportsIndirectInputEvents = YES;
				INFOPLIST_KEY_UILaunchScreen_Generation = YES;
				INFOPLIST_KEY_UISupportedInterfaceOrientations_iPad = "UIInterfaceOrientationPortrait UIInterfaceOrientationPortraitUpsideDown UIInterfaceOrientationLandscapeLeft UIInterfaceOrientationLandscapeRight";
				INFOPLIST_KEY_UISupportedInterfaceOrientations_iPhone = "UIInterfaceOrientationPortrait UIInterfaceOrientationLandscapeLeft UIInterfaceOrientationLandscapeRight";
				LD_RUNPATH_SEARCH_PATHS = (
					"$(inherited)",
					"@executable_path/Frameworks",
				);
				MARKETING_VERSION = 1.0;
				PRODUCT_BUNDLE_IDENTIFIER = IrisDuc.TrackingRestaurant;
				PRODUCT_NAME = "$(TARGET_NAME)";
				SWIFT_EMIT_LOC_STRINGS = YES;
				SWIFT_VERSION = 5.0;
				TARGETED_DEVICE_FAMILY = "1,2";
			};
			name = Release;
		};
/* End XCBuildConfiguration section */

/* Begin XCConfigurationList section */
		DB8151EF2A2B169F0080C17B /* Build configuration list for PBXProject "TrackingRestaurant" */ = {
			isa = XCConfigurationList;
			buildConfigurations = (
				DB8152002A2B16A20080C17B /* Debug */,
				DB8152012A2B16A20080C17B /* Release */,
			);
			defaultConfigurationIsVisible = 0;
			defaultConfigurationName = Release;
		};
		DB8152022A2B16A20080C17B /* Build configuration list for PBXNativeTarget "TrackingRestaurant" */ = {
			isa = XCConfigurationList;
			buildConfigurations = (
				DB8152032A2B16A20080C17B /* Debug */,
				DB8152042A2B16A20080C17B /* Release */,
			);
			defaultConfigurationIsVisible = 0;
			defaultConfigurationName = Release;
		};
/* End XCConfigurationList section */
	};
	rootObject = DB8151EC2A2B169F0080C17B /* Project object */;
}
